
Microsoft Visual Studio Solution File, Format Version 12.00
# Visual Studio Version 17
VisualStudioVersion = 17.3.32819.101
MinimumVisualStudioVersion = 10.0.40219.1
Project("{FAE04EC0-301F-11D3-BF4B-00C04F79EFBC}") = "Access M", "Access M\Access M.csproj", "{E5918D3B-D031-462D-B11D-81F268E553DA}"
EndProject
Global
	GlobalSection(SolutionConfigurationPlatforms) = preSolution
		Debug|Any CPU = Debug|Any CPU
		Release|Any CPU = Release|Any CPU
	EndGlobalSection
	GlobalSection(ProjectConfigurationPlatforms) = postSolution
		{E5918D3B-D031-462D-B11D-81F268E553DA}.Debug|Any CPU.ActiveCfg = Debug|Any CPU
		{E5918D3B-D031-462D-B11D-81F268E553DA}.Debug|Any CPU.Build.0 = Debug|Any CPU
		{E5918D3B-D031-462D-B11D-81F268E553DA}.Release|Any CPU.ActiveCfg = Release|Any CPU
		{E5918D3B-D031-462D-B11D-81F268E553DA}.Release|Any CPU.Build.0 = Release|Any CPU
	EndGlobalSection
	GlobalSection(SolutionProperties) = preSolution
		HideSolutionNode = FALSE
	EndGlobalSection
	GlobalSection(ExtensibilityGlobals) = postSolution
		SolutionGuid = {F8868325-F92C-4C01-8065-7F15D2C128CC}
	EndGlobalSection
EndGlobal
